
Microsoft Visual Studio Solution File, Format Version 12.00
# Visual Studio Version 16
VisualStudioVersion = 16.0.31702.278
MinimumVisualStudioVersion = 10.0.40219.1
Project("{FAE04EC0-301F-11D3-BF4B-00C04F79EFBC}") = "TrackMe", "TrackMe\TrackMe.csproj", "{B169608B-2FAF-4BC5-A0A0-8BBE80624A72}"
EndProject
Project("{9A19103F-16F7-4668-BE54-9A1E7A4F7556}") = "TrackMe.Core", "TrackMe.Core\TrackMe.Core.csproj", "{43FF325D-832D-444B-B2C3-E8405A1446EA}"
EndProject
Project("{FAE04EC0-301F-11D3-BF4B-00C04F79EFBC}") = "UnitTestDatabase", "UnitTestDatabase\UnitTestDatabase.csproj", "{9235E81B-CC1B-4FBB-A97D-381163F304E8}"
EndProject
Global
	GlobalSection(SolutionConfigurationPlatforms) = preSolution
		Debug|Any CPU = Debug|Any CPU
		Debug|ARM = Debug|ARM
		Debug|ARM64 = Debug|ARM64
		Debug|x64 = Debug|x64
		Debug|x86 = Debug|x86
		Release|Any CPU = Release|Any CPU
		Release|ARM = Release|ARM
		Release|ARM64 = Release|ARM64
		Release|x64 = Release|x64
		Release|x86 = Release|x86
	EndGlobalSection
	GlobalSection(ProjectConfigurationPlatforms) = postSolution
		{B169608B-2FAF-4BC5-A0A0-8BBE80624A72}.Debug|Any CPU.ActiveCfg = Debug|x86
		{B169608B-2FAF-4BC5-A0A0-8BBE80624A72}.Debug|Any CPU.Build.0 = Debug|x86
		{B169608B-2FAF-4BC5-A0A0-8BBE80624A72}.Debug|Any CPU.Deploy.0 = Debug|x86
		{B169608B-2FAF-4BC5-A0A0-8BBE80624A72}.Debug|ARM.ActiveCfg = Debug|ARM
		{B169608B-2FAF-4BC5-A0A0-8BBE80624A72}.Debug|ARM.Build.0 = Debug|ARM
		{B169608B-2FAF-4BC5-A0A0-8BBE80624A72}.Debug|ARM.Deploy.0 = Debug|ARM
		{B169608B-2FAF-4BC5-A0A0-8BBE80624A72}.Debug|ARM64.ActiveCfg = Debug|ARM64
		{B169608B-2FAF-4BC5-A0A0-8BBE80624A72}.Debug|ARM64.Build.0 = Debug|ARM64
		{B169608B-2FAF-4BC5-A0A0-8BBE80624A72}.Debug|ARM64.Deploy.0 = Debug|ARM64
		{B169608B-2FAF-4BC5-A0A0-8BBE80624A72}.Debug|x64.ActiveCfg = Debug|x64
		{B169608B-2FAF-4BC5-A0A0-8BBE80624A72}.Debug|x64.Build.0 = Debug|x64
		{B169608B-2FAF-4BC5-A0A0-8BBE80624A72}.Debug|x64.Deploy.0 = Debug|x64
		{B169608B-2FAF-4BC5-A0A0-8BBE80624A72}.Debug|x86.ActiveCfg = Debug|x64
		{B169608B-2FAF-4BC5-A0A0-8BBE80624A72}.Debug|x86.Build.0 = Debug|x64
		{B169608B-2FAF-4BC5-A0A0-8BBE80624A72}.Debug|x86.Deploy.0 = Debug|x64
		{B169608B-2FAF-4BC5-A0A0-8BBE80624A72}.Release|Any CPU.ActiveCfg = Release|x86
		{B169608B-2FAF-4BC5-A0A0-8BBE80624A72}.Release|ARM.ActiveCfg = Release|ARM
		{B169608B-2FAF-4BC5-A0A0-8BBE80624A72}.Release|ARM.Build.0 = Release|ARM
		{B169608B-2FAF-4BC5-A0A0-8BBE80624A72}.Release|ARM.Deploy.0 = Release|ARM
		{B169608B-2FAF-4BC5-A0A0-8BBE80624A72}.Release|ARM64.ActiveCfg = Release|ARM64
		{B169608B-2FAF-4BC5-A0A0-8BBE80624A72}.Release|ARM64.Build.0 = Release|ARM64
		{B169608B-2FAF-4BC5-A0A0-8BBE80624A72}.Release|ARM64.Deploy.0 = Release|ARM64
		{B169608B-2FAF-4BC5-A0A0-8BBE80624A72}.Release|x64.ActiveCfg = Release|x64
		{B169608B-2FAF-4BC5-A0A0-8BBE80624A72}.Release|x64.Build.0 = Release|x64
		{B169608B-2FAF-4BC5-A0A0-8BBE80624A72}.Release|x64.Deploy.0 = Release|x64
		{B169608B-2FAF-4BC5-A0A0-8BBE80624A72}.Release|x86.ActiveCfg = Release|x86
		{B169608B-2FAF-4BC5-A0A0-8BBE80624A72}.Release|x86.Build.0 = Release|x86
		{B169608B-2FAF-4BC5-A0A0-8BBE80624A72}.Release|x86.Deploy.0 = Release|x86
		{43FF325D-832D-444B-B2C3-E8405A1446EA}.Debug|Any CPU.ActiveCfg = Debug|Any CPU
		{43FF325D-832D-444B-B2C3-E8405A1446EA}.Debug|Any CPU.Build.0 = Debug|Any CPU
		{43FF325D-832D-444B-B2C3-E8405A1446EA}.Debug|ARM.ActiveCfg = Debug|Any CPU
		{43FF325D-832D-444B-B2C3-E8405A1446EA}.Debug|ARM.Build.0 = Debug|Any CPU
		{43FF325D-832D-444B-B2C3-E8405A1446EA}.Debug|ARM64.ActiveCfg = Debug|Any CPU
		{43FF325D-832D-444B-B2C3-E8405A1446EA}.Debug|ARM64.Build.0 = Debug|Any CPU
		{43FF325D-832D-444B-B2C3-E8405A1446EA}.Debug|x64.ActiveCfg = Debug|Any CPU
		{43FF325D-832D-444B-B2C3-E8405A1446EA}.Debug|x64.Build.0 = Debug|Any CPU
		{43FF325D-832D-444B-B2C3-E8405A1446EA}.Debug|x86.ActiveCfg = Debug|Any CPU
		{43FF325D-832D-444B-B2C3-E8405A1446EA}.Debug|x86.Build.0 = Debug|Any CPU
		{43FF325D-832D-444B-B2C3-E8405A1446EA}.Release|Any CPU.ActiveCfg = Release|Any CPU
		{43FF325D-832D-444B-B2C3-E8405A1446EA}.Release|Any CPU.Build.0 = Release|Any CPU
		{43FF325D-832D-444B-B2C3-E8405A1446EA}.Release|ARM.ActiveCfg = Release|Any CPU
		{43FF325D-832D-444B-B2C3-E8405A1446EA}.Release|ARM.Build.0 = Release|Any CPU
		{43FF325D-832D-444B-B2C3-E8405A1446EA}.Release|ARM64.ActiveCfg = Release|Any CPU
		{43FF325D-832D-444B-B2C3-E8405A1446EA}.Release|ARM64.Build.0 = Release|Any CPU
		{43FF325D-832D-444B-B2C3-E8405A1446EA}.Release|x64.ActiveCfg = Release|Any CPU
		{43FF325D-832D-444B-B2C3-E8405A1446EA}.Release|x64.Build.0 = Release|Any CPU
		{43FF325D-832D-444B-B2C3-E8405A1446EA}.Release|x86.ActiveCfg = Release|Any CPU
		{43FF325D-832D-444B-B2C3-E8405A1446EA}.Release|x86.Build.0 = Release|Any CPU
		{9235E81B-CC1B-4FBB-A97D-381163F304E8}.Debug|Any CPU.ActiveCfg = Debug|x86
		{9235E81B-CC1B-4FBB-A97D-381163F304E8}.Debug|ARM.ActiveCfg = Debug|ARM
		{9235E81B-CC1B-4FBB-A97D-381163F304E8}.Debug|ARM.Build.0 = Debug|ARM
		{9235E81B-CC1B-4FBB-A97D-381163F304E8}.Debug|ARM.Deploy.0 = Debug|ARM
		{9235E81B-CC1B-4FBB-A97D-381163F304E8}.Debug|ARM64.ActiveCfg = Debug|ARM64
		{9235E81B-CC1B-4FBB-A97D-381163F304E8}.Debug|ARM64.Build.0 = Debug|ARM64
		{9235E81B-CC1B-4FBB-A97D-381163F304E8}.Debug|ARM64.Deploy.0 = Debug|ARM64
		{9235E81B-CC1B-4FBB-A97D-381163F304E8}.Debug|x64.ActiveCfg = Debug|x64
		{9235E81B-CC1B-4FBB-A97D-381163F304E8}.Debug|x64.Build.0 = Debug|x64
		{9235E81B-CC1B-4FBB-A97D-381163F304E8}.Debug|x64.Deploy.0 = Debug|x64
		{9235E81B-CC1B-4FBB-A97D-381163F304E8}.Debug|x86.ActiveCfg = Debug|x86
		{9235E81B-CC1B-4FBB-A97D-381163F304E8}.Debug|x86.Build.0 = Debug|x86
		{9235E81B-CC1B-4FBB-A97D-381163F304E8}.Debug|x86.Deploy.0 = Debug|x86
		{9235E81B-CC1B-4FBB-A97D-381163F304E8}.Release|Any CPU.ActiveCfg = Release|x86
		{9235E81B-CC1B-4FBB-A97D-381163F304E8}.Release|ARM.ActiveCfg = Release|ARM
		{9235E81B-CC1B-4FBB-A97D-381163F304E8}.Release|ARM.Build.0 = Release|ARM
		{9235E81B-CC1B-4FBB-A97D-381163F304E8}.Release|ARM.Deploy.0 = Release|ARM
		{9235E81B-CC1B-4FBB-A97D-381163F304E8}.Release|ARM64.ActiveCfg = Release|ARM64
		{9235E81B-CC1B-4FBB-A97D-381163F304E8}.Release|ARM64.Build.0 = Release|ARM64
		{9235E81B-CC1B-4FBB-A97D-381163F304E8}.Release|ARM64.Deploy.0 = Release|ARM64
		{9235E81B-CC1B-4FBB-A97D-381163F304E8}.Release|x64.ActiveCfg = Release|x64
		{9235E81B-CC1B-4FBB-A97D-381163F304E8}.Release|x64.Build.0 = Release|x64
		{9235E81B-CC1B-4FBB-A97D-381163F304E8}.Release|x64.Deploy.0 = Release|x64
		{9235E81B-CC1B-4FBB-A97D-381163F304E8}.Release|x86.ActiveCfg = Release|x86
		{9235E81B-CC1B-4FBB-A97D-381163F304E8}.Release|x86.Build.0 = Release|x86
		{9235E81B-CC1B-4FBB-A97D-381163F304E8}.Release|x86.Deploy.0 = Release|x86
	EndGlobalSection
	GlobalSection(SolutionProperties) = preSolution
		HideSolutionNode = FALSE
	EndGlobalSection
	GlobalSection(ExtensibilityGlobals) = postSolution
		SolutionGuid = {C55CF134-76A1-4A7D-8E43-F47937371ED8}
	EndGlobalSection
EndGlobal
